
Microsoft Visual Studio Solution File, Format Version 12.00
# Visual Studio Version 17
VisualStudioVersion = 17.5.33424.131
MinimumVisualStudioVersion = 10.0.40219.1
Project("{FAE04EC0-301F-11D3-BF4B-00C04F79EFBC}") = "pizerriaGM", "pizerriaGM.csproj", "{2DF441D8-F067-46C1-AD44-C44E6C8E29C2}"
EndProject
Global
	GlobalSection(SolutionConfigurationPlatforms) = preSolution
		Debug|Any CPU = Debug|Any CPU
		Release|Any CPU = Release|Any CPU
	EndGlobalSection
	GlobalSection(ProjectConfigurationPlatforms) = postSolution
		{2DF441D8-F067-46C1-AD44-C44E6C8E29C2}.Debug|Any CPU.ActiveCfg = Debug|Any CPU
		{2DF441D8-F067-46C1-AD44-C44E6C8E29C2}.Debug|Any CPU.Build.0 = Debug|Any CPU
		{2DF441D8-F067-46C1-AD44-C44E6C8E29C2}.Release|Any CPU.ActiveCfg = Release|Any CPU
		{2DF441D8-F067-46C1-AD44-C44E6C8E29C2}.Release|Any CPU.Build.0 = Release|Any CPU
	EndGlobalSection
	GlobalSection(SolutionProperties) = preSolution
		HideSolutionNode = FALSE
	EndGlobalSection
	GlobalSection(ExtensibilityGlobals) = postSolution
		SolutionGuid = {C0EB2170-2D4B-45AE-8A99-420C07B658B5}
	EndGlobalSection
EndGlobal
